
Microsoft Visual Studio Solution File, Format Version 12.00
# Visual Studio 14
VisualStudioVersion = 14.0.22609.0
MinimumVisualStudioVersion = 10.0.40219.1
Project("{00D1A9C2-B5F0-4AF3-8072-F6C62B433612}") = "Pulse2DataLayer.Database", "PulseDB\Pulse2DataLayer.Database.sqlproj", "{3D46952D-0FC6-49A6-A6BE-33EA661DD8FC}"
EndProject
Project("{FAE04EC0-301F-11D3-BF4B-00C04F79EFBC}") = "Pulse2DataLayer.Models", "Pulse2.Models\Pulse2DataLayer.Models.csproj", "{96ED783D-F736-49FF-A090-AFCED7F90AA8}"
EndProject
Global
	GlobalSection(SolutionConfigurationPlatforms) = preSolution
		Debug|Any CPU = Debug|Any CPU
		Release|Any CPU = Release|Any CPU
	EndGlobalSection
	GlobalSection(ProjectConfigurationPlatforms) = postSolution
		{3D46952D-0FC6-49A6-A6BE-33EA661DD8FC}.Debug|Any CPU.ActiveCfg = Debug|Any CPU
		{3D46952D-0FC6-49A6-A6BE-33EA661DD8FC}.Debug|Any CPU.Build.0 = Debug|Any CPU
		{3D46952D-0FC6-49A6-A6BE-33EA661DD8FC}.Debug|Any CPU.Deploy.0 = Debug|Any CPU
		{3D46952D-0FC6-49A6-A6BE-33EA661DD8FC}.Release|Any CPU.ActiveCfg = Release|Any CPU
		{3D46952D-0FC6-49A6-A6BE-33EA661DD8FC}.Release|Any CPU.Build.0 = Release|Any CPU
		{3D46952D-0FC6-49A6-A6BE-33EA661DD8FC}.Release|Any CPU.Deploy.0 = Release|Any CPU
		{96ED783D-F736-49FF-A090-AFCED7F90AA8}.Debug|Any CPU.ActiveCfg = Debug|Any CPU
		{96ED783D-F736-49FF-A090-AFCED7F90AA8}.Debug|Any CPU.Build.0 = Debug|Any CPU
		{96ED783D-F736-49FF-A090-AFCED7F90AA8}.Release|Any CPU.ActiveCfg = Release|Any CPU
		{96ED783D-F736-49FF-A090-AFCED7F90AA8}.Release|Any CPU.Build.0 = Release|Any CPU
	EndGlobalSection
	GlobalSection(SolutionProperties) = preSolution
		HideSolutionNode = FALSE
	EndGlobalSection
EndGlobal
