
Microsoft Visual Studio Solution File, Format Version 12.00
# Visual Studio 2013
VisualStudioVersion = 12.0.21005.1
MinimumVisualStudioVersion = 10.0.40219.1
Project("{FAE04EC0-301F-11D3-BF4B-00C04F79EFBC}") = "pulse.Client", "pulse.Client\pulse.Client.csproj", "{927B4640-1A69-4387-BC75-EF02F5811291}"
EndProject
Global
	GlobalSection(SolutionConfigurationPlatforms) = preSolution
		Debug|Any CPU = Debug|Any CPU
		Release|Any CPU = Release|Any CPU
	EndGlobalSection
	GlobalSection(ProjectConfigurationPlatforms) = postSolution
		{927B4640-1A69-4387-BC75-EF02F5811291}.Debug|Any CPU.ActiveCfg = Debug|Any CPU
		{927B4640-1A69-4387-BC75-EF02F5811291}.Debug|Any CPU.Build.0 = Debug|Any CPU
		{927B4640-1A69-4387-BC75-EF02F5811291}.Release|Any CPU.ActiveCfg = Release|Any CPU
		{927B4640-1A69-4387-BC75-EF02F5811291}.Release|Any CPU.Build.0 = Release|Any CPU
	EndGlobalSection
	GlobalSection(SolutionProperties) = preSolution
		HideSolutionNode = FALSE
	EndGlobalSection
EndGlobal
